// !$*UTF8*$!
{
	archiveVersion = 1;
	classes = {
	};
	objectVersion = 50;
	objects = {

/* Begin PBXBuildFile section */
		252C945326E059BC003CA886 /* LessonList.swift in Sources */ = {isa = PBXBuildFile; fileRef = 252C945226E059BC003CA886 /* LessonList.swift */; };
		252C945526E059D0003CA886 /* LessonListRow.swift in Sources */ = {isa = PBXBuildFile; fileRef = 252C945426E059D0003CA886 /* LessonListRow.swift */; };
		2530607C26E074B0005709A1 /* LessonDetailView.swift in Sources */ = {isa = PBXBuildFile; fileRef = 2530607B26E074B0005709A1 /* LessonDetailView.swift */; };
		2530607F26E07597005709A1 /* AVKit.framework in Frameworks */ = {isa = PBXBuildFile; fileRef = 2530607E26E07597005709A1 /* AVKit.framework */; };
		2530608126E07A3E005709A1 /* RectangleCard.swift in Sources */ = {isa = PBXBuildFile; fileRef = 2530608026E07A3E005709A1 /* RectangleCard.swift */; };
		2562B85F26DFCC0A00921C25 /* HomeViewRow.swift in Sources */ = {isa = PBXBuildFile; fileRef = 2562B85E26DFCC0A00921C25 /* HomeViewRow.swift */; };
		25CF81D326DF1EA3005AC125 /* Module_5App.swift in Sources */ = {isa = PBXBuildFile; fileRef = 25CF81D226DF1EA3005AC125 /* Module_5App.swift */; };
		25CF81D526DF1EA3005AC125 /* HomeView.swift in Sources */ = {isa = PBXBuildFile; fileRef = 25CF81D426DF1EA3005AC125 /* HomeView.swift */; };
		25CF81D726DF1EA4005AC125 /* Assets.xcassets in Resources */ = {isa = PBXBuildFile; fileRef = 25CF81D626DF1EA4005AC125 /* Assets.xcassets */; };
		25CF81DA26DF1EA4005AC125 /* Preview Assets.xcassets in Resources */ = {isa = PBXBuildFile; fileRef = 25CF81D926DF1EA4005AC125 /* Preview Assets.xcassets */; };
		25CF81E626DF1F43005AC125 /* ContentModel.swift in Sources */ = {isa = PBXBuildFile; fileRef = 25CF81E526DF1F43005AC125 /* ContentModel.swift */; };
		25CF81EA26DF2357005AC125 /* data.json in Resources */ = {isa = PBXBuildFile; fileRef = 25CF81E726DF2357005AC125 /* data.json */; };
		25CF81EB26DF2357005AC125 /* style.html in Resources */ = {isa = PBXBuildFile; fileRef = 25CF81E826DF2357005AC125 /* style.html */; };
		25CF81EC26DF2357005AC125 /* Constants.swift in Sources */ = {isa = PBXBuildFile; fileRef = 25CF81E926DF2357005AC125 /* Constants.swift */; };
		25CF81EE26DF23A2005AC125 /* Module.swift in Sources */ = {isa = PBXBuildFile; fileRef = 25CF81ED26DF23A1005AC125 /* Module.swift */; };
/* End PBXBuildFile section */

/* Begin PBXFileReference section */
		252C945226E059BC003CA886 /* LessonList.swift */ = {isa = PBXFileReference; lastKnownFileType = sourcecode.swift; path = LessonList.swift; sourceTree = "<group>"; };
		252C945426E059D0003CA886 /* LessonListRow.swift */ = {isa = PBXFileReference; lastKnownFileType = sourcecode.swift; path = LessonListRow.swift; sourceTree = "<group>"; };
		2530607B26E074B0005709A1 /* LessonDetailView.swift */ = {isa = PBXFileReference; lastKnownFileType = sourcecode.swift; path = LessonDetailView.swift; sourceTree = "<group>"; };
		2530607E26E07597005709A1 /* AVKit.framework */ = {isa = PBXFileReference; lastKnownFileType = wrapper.framework; name = AVKit.framework; path = System/Library/Frameworks/AVKit.framework; sourceTree = SDKROOT; };
		2530608026E07A3E005709A1 /* RectangleCard.swift */ = {isa = PBXFileReference; lastKnownFileType = sourcecode.swift; path = RectangleCard.swift; sourceTree = "<group>"; };
		2562B85E26DFCC0A00921C25 /* HomeViewRow.swift */ = {isa = PBXFileReference; lastKnownFileType = sourcecode.swift; path = HomeViewRow.swift; sourceTree = "<group>"; };
		25CF81CF26DF1EA3005AC125 /* Module-5.app */ = {isa = PBXFileReference; explicitFileType = wrapper.application; includeInIndex = 0; path = "Module-5.app"; sourceTree = BUILT_PRODUCTS_DIR; };
		25CF81D226DF1EA3005AC125 /* Module_5App.swift */ = {isa = PBXFileReference; lastKnownFileType = sourcecode.swift; path = Module_5App.swift; sourceTree = "<group>"; };
		25CF81D426DF1EA3005AC125 /* HomeView.swift */ = {isa = PBXFileReference; lastKnownFileType = sourcecode.swift; path = HomeView.swift; sourceTree = "<group>"; };
		25CF81D626DF1EA4005AC125 /* Assets.xcassets */ = {isa = PBXFileReference; lastKnownFileType = folder.assetcatalog; path = Assets.xcassets; sourceTree = "<group>"; };
		25CF81D926DF1EA4005AC125 /* Preview Assets.xcassets */ = {isa = PBXFileReference; lastKnownFileType = folder.assetcatalog; path = "Preview Assets.xcassets"; sourceTree = "<group>"; };
		25CF81DB26DF1EA4005AC125 /* Info.plist */ = {isa = PBXFileReference; lastKnownFileType = text.plist.xml; path = Info.plist; sourceTree = "<group>"; };
		25CF81E526DF1F43005AC125 /* ContentModel.swift */ = {isa = PBXFileReference; lastKnownFileType = sourcecode.swift; path = ContentModel.swift; sourceTree = "<group>"; };
		25CF81E726DF2357005AC125 /* data.json */ = {isa = PBXFileReference; fileEncoding = 4; lastKnownFileType = text.json; name = data.json; path = "../../../../Downloads/LearningApp 2/LearningApp/Resources/data.json"; sourceTree = "<group>"; };
		25CF81E826DF2357005AC125 /* style.html */ = {isa = PBXFileReference; fileEncoding = 4; lastKnownFileType = text.html; name = style.html; path = "../../../../Downloads/LearningApp 2/LearningApp/Resources/style.html"; sourceTree = "<group>"; };
		25CF81E926DF2357005AC125 /* Constants.swift */ = {isa = PBXFileReference; fileEncoding = 4; lastKnownFileType = sourcecode.swift; name = Constants.swift; path = "../../../../Downloads/LearningApp 2/LearningApp/Resources/Constants.swift"; sourceTree = "<group>"; };
		25CF81ED26DF23A1005AC125 /* Module.swift */ = {isa = PBXFileReference; lastKnownFileType = sourcecode.swift; path = Module.swift; sourceTree = "<group>"; };
/* End PBXFileReference section */

/* Begin PBXFrameworksBuildPhase section */
		25CF81CC26DF1EA3005AC125 /* Frameworks */ = {
			isa = PBXFrameworksBuildPhase;
			buildActionMask = 2147483647;
			files = (
				2530607F26E07597005709A1 /* AVKit.framework in Frameworks */,
			);
			runOnlyForDeploymentPostprocessing = 0;
		};
/* End PBXFrameworksBuildPhase section */

/* Begin PBXGroup section */
		2530607D26E07597005709A1 /* Frameworks */ = {
			isa = PBXGroup;
			children = (
				2530607E26E07597005709A1 /* AVKit.framework */,
			);
			name = Frameworks;
			sourceTree = "<group>";
		};
		25CF81C626DF1EA3005AC125 = {
			isa = PBXGroup;
			children = (
				25CF81D126DF1EA3005AC125 /* Module-5 */,
				25CF81D026DF1EA3005AC125 /* Products */,
				2530607D26E07597005709A1 /* Frameworks */,
			);
			sourceTree = "<group>";
		};
		25CF81D026DF1EA3005AC125 /* Products */ = {
			isa = PBXGroup;
			children = (
				25CF81CF26DF1EA3005AC125 /* Module-5.app */,
			);
			name = Products;
			sourceTree = "<group>";
		};
		25CF81D126DF1EA3005AC125 /* Module-5 */ = {
			isa = PBXGroup;
			children = (
				25CF81D226DF1EA3005AC125 /* Module_5App.swift */,
				25CF81E426DF1F15005AC125 /* View */,
				25CF81E326DF1F0C005AC125 /* ViewModel */,
				25CF81E226DF1EFF005AC125 /* Model */,
				25CF81E126DF1EF7005AC125 /* Resource */,
				25CF81D626DF1EA4005AC125 /* Assets.xcassets */,
				25CF81DB26DF1EA4005AC125 /* Info.plist */,
				25CF81D826DF1EA4005AC125 /* Preview Content */,
			);
			path = "Module-5";
			sourceTree = "<group>";
		};
		25CF81D826DF1EA4005AC125 /* Preview Content */ = {
			isa = PBXGroup;
			children = (
				25CF81D926DF1EA4005AC125 /* Preview Assets.xcassets */,
			);
			path = "Preview Content";
			sourceTree = "<group>";
		};
		25CF81E126DF1EF7005AC125 /* Resource */ = {
			isa = PBXGroup;
			children = (
				25CF81E926DF2357005AC125 /* Constants.swift */,
				25CF81E726DF2357005AC125 /* data.json */,
				25CF81E826DF2357005AC125 /* style.html */,
			);
			path = Resource;
			sourceTree = "<group>";
		};
		25CF81E226DF1EFF005AC125 /* Model */ = {
			isa = PBXGroup;
			children = (
				25CF81ED26DF23A1005AC125 /* Module.swift */,
			);
			path = Model;
			sourceTree = "<group>";
		};
		25CF81E326DF1F0C005AC125 /* ViewModel */ = {
			isa = PBXGroup;
			children = (
				25CF81E526DF1F43005AC125 /* ContentModel.swift */,
			);
			path = ViewModel;
			sourceTree = "<group>";
		};
		25CF81E426DF1F15005AC125 /* View */ = {
			isa = PBXGroup;
			children = (
				25CF81D426DF1EA3005AC125 /* HomeView.swift */,
				2562B85E26DFCC0A00921C25 /* HomeViewRow.swift */,
				252C945226E059BC003CA886 /* LessonList.swift */,
				252C945426E059D0003CA886 /* LessonListRow.swift */,
				2530607B26E074B0005709A1 /* LessonDetailView.swift */,
				2530608026E07A3E005709A1 /* RectangleCard.swift */,
			);
			path = View;
			sourceTree = "<group>";
		};
/* End PBXGroup section */

/* Begin PBXNativeTarget section */
		25CF81CE26DF1EA3005AC125 /* Module-5 */ = {
			isa = PBXNativeTarget;
			buildConfigurationList = 25CF81DE26DF1EA4005AC125 /* Build configuration list for PBXNativeTarget "Module-5" */;
			buildPhases = (
				25CF81CB26DF1EA3005AC125 /* Sources */,
				25CF81CC26DF1EA3005AC125 /* Frameworks */,
				25CF81CD26DF1EA3005AC125 /* Resources */,
			);
			buildRules = (
			);
			dependencies = (
			);
			name = "Module-5";
			productName = "Module-5";
			productReference = 25CF81CF26DF1EA3005AC125 /* Module-5.app */;
			productType = "com.apple.product-type.application";
		};
/* End PBXNativeTarget section */

/* Begin PBXProject section */
		25CF81C726DF1EA3005AC125 /* Project object */ = {
			isa = PBXProject;
			attributes = {
				LastSwiftUpdateCheck = 1250;
				LastUpgradeCheck = 1250;
				TargetAttributes = {
					25CF81CE26DF1EA3005AC125 = {
						CreatedOnToolsVersion = 12.5;
					};
				};
			};
			buildConfigurationList = 25CF81CA26DF1EA3005AC125 /* Build configuration list for PBXProject "Module-5" */;
			compatibilityVersion = "Xcode 9.3";
			developmentRegion = en;
			hasScannedForEncodings = 0;
			knownRegions = (
				en,
				Base,
			);
			mainGroup = 25CF81C626DF1EA3005AC125;
			productRefGroup = 25CF81D026DF1EA3005AC125 /* Products */;
			projectDirPath = "";
			projectRoot = "";
			targets = (
				25CF81CE26DF1EA3005AC125 /* Module-5 */,
			);
		};
/* End PBXProject section */

/* Begin PBXResourcesBuildPhase section */
		25CF81CD26DF1EA3005AC125 /* Resources */ = {
			isa = PBXResourcesBuildPhase;
			buildActionMask = 2147483647;
			files = (
				25CF81DA26DF1EA4005AC125 /* Preview Assets.xcassets in Resources */,
				25CF81EA26DF2357005AC125 /* data.json in Resources */,
				25CF81EB26DF2357005AC125 /* style.html in Resources */,
				25CF81D726DF1EA4005AC125 /* Assets.xcassets in Resources */,
			);
			runOnlyForDeploymentPostprocessing = 0;
		};
/* End PBXResourcesBuildPhase section */

/* Begin PBXSourcesBuildPhase section */
		25CF81CB26DF1EA3005AC125 /* Sources */ = {
			isa = PBXSourcesBuildPhase;
			buildActionMask = 2147483647;
			files = (
				2530607C26E074B0005709A1 /* LessonDetailView.swift in Sources */,
				25CF81D526DF1EA3005AC125 /* HomeView.swift in Sources */,
				25CF81D326DF1EA3005AC125 /* Module_5App.swift in Sources */,
				25CF81E626DF1F43005AC125 /* ContentModel.swift in Sources */,
				252C945326E059BC003CA886 /* LessonList.swift in Sources */,
				2530608126E07A3E005709A1 /* RectangleCard.swift in Sources */,
				25CF81EE26DF23A2005AC125 /* Module.swift in Sources */,
				2562B85F26DFCC0A00921C25 /* HomeViewRow.swift in Sources */,
				252C945526E059D0003CA886 /* LessonListRow.swift in Sources */,
				25CF81EC26DF2357005AC125 /* Constants.swift in Sources */,
			);
			runOnlyForDeploymentPostprocessing = 0;
		};
/* End PBXSourcesBuildPhase section */

/* Begin XCBuildConfiguration section */
		25CF81DC26DF1EA4005AC125 /* Debug */ = {
			isa = XCBuildConfiguration;
			buildSettings = {
				ALWAYS_SEARCH_USER_PATHS = NO;
				CLANG_ANALYZER_NONNULL = YES;
				CLANG_ANALYZER_NUMBER_OBJECT_CONVERSION = YES_AGGRESSIVE;
				CLANG_CXX_LANGUAGE_STANDARD = "gnu++14";
				CLANG_CXX_LIBRARY = "libc++";
				CLANG_ENABLE_MODULES = YES;
				CLANG_ENABLE_OBJC_ARC = YES;
				CLANG_ENABLE_OBJC_WEAK = YES;
				CLANG_WARN_BLOCK_CAPTURE_AUTORELEASING = YES;
				CLANG_WARN_BOOL_CONVERSION = YES;
				CLANG_WARN_COMMA = YES;
				CLANG_WARN_CONSTANT_CONVERSION = YES;
				CLANG_WARN_DEPRECATED_OBJC_IMPLEMENTATIONS = YES;
				CLANG_WARN_DIRECT_OBJC_ISA_USAGE = YES_ERROR;
				CLANG_WARN_DOCUMENTATION_COMMENTS = YES;
				CLANG_WARN_EMPTY_BODY = YES;
				CLANG_WARN_ENUM_CONVERSION = YES;
				CLANG_WARN_INFINITE_RECURSION = YES;
				CLANG_WARN_INT_CONVERSION = YES;
				CLANG_WARN_NON_LITERAL_NULL_CONVERSION = YES;
				CLANG_WARN_OBJC_IMPLICIT_RETAIN_SELF = YES;
				CLANG_WARN_OBJC_LITERAL_CONVERSION = YES;
				CLANG_WARN_OBJC_ROOT_CLASS = YES_ERROR;
				CLANG_WARN_QUOTED_INCLUDE_IN_FRAMEWORK_HEADER = YES;
				CLANG_WARN_RANGE_LOOP_ANALYSIS = YES;
				CLANG_WARN_STRICT_PROTOTYPES = YES;
				CLANG_WARN_SUSPICIOUS_MOVE = YES;
				CLANG_WARN_UNGUARDED_AVAILABILITY = YES_AGGRESSIVE;
				CLANG_WARN_UNREACHABLE_CODE = YES;
				CLANG_WARN__DUPLICATE_METHOD_MATCH = YES;
				COPY_PHASE_STRIP = NO;
				DEBUG_INFORMATION_FORMAT = dwarf;
				ENABLE_STRICT_OBJC_MSGSEND = YES;
				ENABLE_TESTABILITY = YES;
				GCC_C_LANGUAGE_STANDARD = gnu11;
				GCC_DYNAMIC_NO_PIC = NO;
				GCC_NO_COMMON_BLOCKS = YES;
				GCC_OPTIMIZATION_LEVEL = 0;
				GCC_PREPROCESSOR_DEFINITIONS = (
					"DEBUG=1",
					"$(inherited)",
				);
				GCC_WARN_64_TO_32_BIT_CONVERSION = YES;
				GCC_WARN_ABOUT_RETURN_TYPE = YES_ERROR;
				GCC_WARN_UNDECLARED_SELECTOR = YES;
				GCC_WARN_UNINITIALIZED_AUTOS = YES_AGGRESSIVE;
				GCC_WARN_UNUSED_FUNCTION = YES;
				GCC_WARN_UNUSED_VARIABLE = YES;
				IPHONEOS_DEPLOYMENT_TARGET = 14.5;
				MTL_ENABLE_DEBUG_INFO = INCLUDE_SOURCE;
				MTL_FAST_MATH = YES;
				ONLY_ACTIVE_ARCH = YES;
				SDKROOT = iphoneos;
				SWIFT_ACTIVE_COMPILATION_CONDITIONS = DEBUG;
				SWIFT_OPTIMIZATION_LEVEL = "-Onone";
			};
			name = Debug;
		};
		25CF81DD26DF1EA4005AC125 /* Release */ = {
			isa = XCBuildConfiguration;
			buildSettings = {
				ALWAYS_SEARCH_USER_PATHS = NO;
				CLANG_ANALYZER_NONNULL = YES;
				CLANG_ANALYZER_NUMBER_OBJECT_CONVERSION = YES_AGGRESSIVE;
				CLANG_CXX_LANGUAGE_STANDARD = "gnu++14";
				CLANG_CXX_LIBRARY = "libc++";
				CLANG_ENABLE_MODULES = YES;
				CLANG_ENABLE_OBJC_ARC = YES;
				CLANG_ENABLE_OBJC_WEAK = YES;
				CLANG_WARN_BLOCK_CAPTURE_AUTORELEASING = YES;
				CLANG_WARN_BOOL_CONVERSION = YES;
				CLANG_WARN_COMMA = YES;
				CLANG_WARN_CONSTANT_CONVERSION = YES;
				CLANG_WARN_DEPRECATED_OBJC_IMPLEMENTATIONS = YES;
				CLANG_WARN_DIRECT_OBJC_ISA_USAGE = YES_ERROR;
				CLANG_WARN_DOCUMENTATION_COMMENTS = YES;
				CLANG_WARN_EMPTY_BODY = YES;
				CLANG_WARN_ENUM_CONVERSION = YES;
				CLANG_WARN_INFINITE_RECURSION = YES;
				CLANG_WARN_INT_CONVERSION = YES;
				CLANG_WARN_NON_LITERAL_NULL_CONVERSION = YES;
				CLANG_WARN_OBJC_IMPLICIT_RETAIN_SELF = YES;
				CLANG_WARN_OBJC_LITERAL_CONVERSION = YES;
				CLANG_WARN_OBJC_ROOT_CLASS = YES_ERROR;
				CLANG_WARN_QUOTED_INCLUDE_IN_FRAMEWORK_HEADER = YES;
				CLANG_WARN_RANGE_LOOP_ANALYSIS = YES;
				CLANG_WARN_STRICT_PROTOTYPES = YES;
				CLANG_WARN_SUSPICIOUS_MOVE = YES;
				CLANG_WARN_UNGUARDED_AVAILABILITY = YES_AGGRESSIVE;
				CLANG_WARN_UNREACHABLE_CODE = YES;
				CLANG_WARN__DUPLICATE_METHOD_MATCH = YES;
				COPY_PHASE_STRIP = NO;
				DEBUG_INFORMATION_FORMAT = "dwarf-with-dsym";
				ENABLE_NS_ASSERTIONS = NO;
				ENABLE_STRICT_OBJC_MSGSEND = YES;
				GCC_C_LANGUAGE_STANDARD = gnu11;
				GCC_NO_COMMON_BLOCKS = YES;
				GCC_WARN_64_TO_32_BIT_CONVERSION = YES;
				GCC_WARN_ABOUT_RETURN_TYPE = YES_ERROR;
				GCC_WARN_UNDECLARED_SELECTOR = YES;
				GCC_WARN_UNINITIALIZED_AUTOS = YES_AGGRESSIVE;
				GCC_WARN_UNUSED_FUNCTION = YES;
				GCC_WARN_UNUSED_VARIABLE = YES;
				IPHONEOS_DEPLOYMENT_TARGET = 14.5;
				MTL_ENABLE_DEBUG_INFO = NO;
				MTL_FAST_MATH = YES;
				SDKROOT = iphoneos;
				SWIFT_COMPILATION_MODE = wholemodule;
				SWIFT_OPTIMIZATION_LEVEL = "-O";
				VALIDATE_PRODUCT = YES;
			};
			name = Release;
		};
		25CF81DF26DF1EA4005AC125 /* Debug */ = {
			isa = XCBuildConfiguration;
			buildSettings = {
				ASSETCATALOG_COMPILER_APPICON_NAME = AppIcon;
				ASSETCATALOG_COMPILER_GLOBAL_ACCENT_COLOR_NAME = AccentColor;
				CODE_SIGN_STYLE = Automatic;
				DEVELOPMENT_ASSET_PATHS = "\"Module-5/Preview Content\"";
				DEVELOPMENT_TEAM = MMUQ73B89T;
				ENABLE_PREVIEWS = YES;
				INFOPLIST_FILE = "Module-5/Info.plist";
				IPHONEOS_DEPLOYMENT_TARGET = 14.0;
				LD_RUNPATH_SEARCH_PATHS = (
					"$(inherited)",
					"@executable_path/Frameworks",
				);
				PRODUCT_BUNDLE_IDENTIFIER = "com.Ibrahim.Module-5";
				PRODUCT_NAME = "$(TARGET_NAME)";
				SWIFT_VERSION = 5.0;
				TARGETED_DEVICE_FAMILY = "1,2";
			};
			name = Debug;
		};
		25CF81E026DF1EA4005AC125 /* Release */ = {
			isa = XCBuildConfiguration;
			buildSettings = {
				ASSETCATALOG_COMPILER_APPICON_NAME = AppIcon;
				ASSETCATALOG_COMPILER_GLOBAL_ACCENT_COLOR_NAME = AccentColor;
				CODE_SIGN_STYLE = Automatic;
				DEVELOPMENT_ASSET_PATHS = "\"Module-5/Preview Content\"";
				DEVELOPMENT_TEAM = MMUQ73B89T;
				ENABLE_PREVIEWS = YES;
				INFOPLIST_FILE = "Module-5/Info.plist";
				IPHONEOS_DEPLOYMENT_TARGET = 14.0;
				LD_RUNPATH_SEARCH_PATHS = (
					"$(inherited)",
					"@executable_path/Frameworks",
				);
				PRODUCT_BUNDLE_IDENTIFIER = "com.Ibrahim.Module-5";
				PRODUCT_NAME = "$(TARGET_NAME)";
				SWIFT_VERSION = 5.0;
				TARGETED_DEVICE_FAMILY = "1,2";
			};
			name = Release;
		};
/* End XCBuildConfiguration section */

/* Begin XCConfigurationList section */
		25CF81CA26DF1EA3005AC125 /* Build configuration list for PBXProject "Module-5" */ = {
			isa = XCConfigurationList;
			buildConfigurations = (
				25CF81DC26DF1EA4005AC125 /* Debug */,
				25CF81DD26DF1EA4005AC125 /* Release */,
			);
			defaultConfigurationIsVisible = 0;
			defaultConfigurationName = Release;
		};
		25CF81DE26DF1EA4005AC125 /* Build configuration list for PBXNativeTarget "Module-5" */ = {
			isa = XCConfigurationList;
			buildConfigurations = (
				25CF81DF26DF1EA4005AC125 /* Debug */,
				25CF81E026DF1EA4005AC125 /* Release */,
			);
			defaultConfigurationIsVisible = 0;
			defaultConfigurationName = Release;
		};
/* End XCConfigurationList section */
	};
	rootObject = 25CF81C726DF1EA3005AC125 /* Project object */;
}
